
Microsoft Visual Studio Solution File, Format Version 12.00
# Visual Studio Version 16
VisualStudioVersion = 16.0.30413.136
MinimumVisualStudioVersion = 10.0.40219.1
Project("{FAE04EC0-301F-11D3-BF4B-00C04F79EFBC}") = "ChinookDemoMVC", "EmployeesDemoMVC\ChinookDemoMVC.csproj", "{AD2743B5-3A68-476C-B179-485E5F4D93E9}"
EndProject
Project("{FAE04EC0-301F-11D3-BF4B-00C04F79EFBC}") = "Chinook.BusinessModel", "EmployeesBusinessModel\Chinook.BusinessModel.csproj", "{6534B95B-5473-4F42-9E1F-A48A11D578C1}"
EndProject
Project("{FAE04EC0-301F-11D3-BF4B-00C04F79EFBC}") = "Chinook.BusinessLogic", "Employees.BusinessLogic\Chinook.BusinessLogic.csproj", "{90EF2242-DC8E-4C58-8506-DE192CB54D4B}"
EndProject
Global
	GlobalSection(SolutionConfigurationPlatforms) = preSolution
		Debug|Any CPU = Debug|Any CPU
		Release|Any CPU = Release|Any CPU
	EndGlobalSection
	GlobalSection(ProjectConfigurationPlatforms) = postSolution
		{AD2743B5-3A68-476C-B179-485E5F4D93E9}.Debug|Any CPU.ActiveCfg = Debug|Any CPU
		{AD2743B5-3A68-476C-B179-485E5F4D93E9}.Debug|Any CPU.Build.0 = Debug|Any CPU
		{AD2743B5-3A68-476C-B179-485E5F4D93E9}.Release|Any CPU.ActiveCfg = Release|Any CPU
		{AD2743B5-3A68-476C-B179-485E5F4D93E9}.Release|Any CPU.Build.0 = Release|Any CPU
		{6534B95B-5473-4F42-9E1F-A48A11D578C1}.Debug|Any CPU.ActiveCfg = Debug|Any CPU
		{6534B95B-5473-4F42-9E1F-A48A11D578C1}.Debug|Any CPU.Build.0 = Debug|Any CPU
		{6534B95B-5473-4F42-9E1F-A48A11D578C1}.Release|Any CPU.ActiveCfg = Release|Any CPU
		{6534B95B-5473-4F42-9E1F-A48A11D578C1}.Release|Any CPU.Build.0 = Release|Any CPU
		{90EF2242-DC8E-4C58-8506-DE192CB54D4B}.Debug|Any CPU.ActiveCfg = Debug|Any CPU
		{90EF2242-DC8E-4C58-8506-DE192CB54D4B}.Debug|Any CPU.Build.0 = Debug|Any CPU
		{90EF2242-DC8E-4C58-8506-DE192CB54D4B}.Release|Any CPU.ActiveCfg = Release|Any CPU
		{90EF2242-DC8E-4C58-8506-DE192CB54D4B}.Release|Any CPU.Build.0 = Release|Any CPU
	EndGlobalSection
	GlobalSection(SolutionProperties) = preSolution
		HideSolutionNode = FALSE
	EndGlobalSection
	GlobalSection(ExtensibilityGlobals) = postSolution
		SolutionGuid = {4EC20942-9D13-44DB-9327-0E34F5E203D8}
	EndGlobalSection
EndGlobal
